// !$*UTF8*$!
{
	archiveVersion = 1;
	classes = {
	};
	objectVersion = 51;
	objects = {

/* Begin PBXBuildFile section */
		054D2017464DFF9CFED0835C /* Pods_Watcha_iOS.framework in Frameworks */ = {isa = PBXBuildFile; fileRef = 78A0ECAE6308980422F8841F /* Pods_Watcha_iOS.framework */; };
		4002D3A02653375F00A97BB7 /* FirstSmallVideoCollectionViewCell.swift in Sources */ = {isa = PBXBuildFile; fileRef = 4002D39F2653375F00A97BB7 /* FirstSmallVideoCollectionViewCell.swift */; };
		40AAFF3E26535F2A008F6E78 /* BigVideoCollectionViewCell.swift in Sources */ = {isa = PBXBuildFile; fileRef = 40AAFF3D26535F2A008F6E78 /* BigVideoCollectionViewCell.swift */; };
		40AAFF462653937A008F6E78 /* SecondSmallVideoCollectionViewCell.swift in Sources */ = {isa = PBXBuildFile; fileRef = 40AAFF452653937A008F6E78 /* SecondSmallVideoCollectionViewCell.swift */; };
		709CD0EA2651601A00A1C445 /* AppDelegate.swift in Sources */ = {isa = PBXBuildFile; fileRef = 709CD0E92651601A00A1C445 /* AppDelegate.swift */; };
		709CD0EC2651601A00A1C445 /* SceneDelegate.swift in Sources */ = {isa = PBXBuildFile; fileRef = 709CD0EB2651601A00A1C445 /* SceneDelegate.swift */; };
		709CD0F32651601C00A1C445 /* Assets.xcassets in Resources */ = {isa = PBXBuildFile; fileRef = 709CD0F22651601C00A1C445 /* Assets.xcassets */; };
		709CD0F62651601C00A1C445 /* LaunchScreen.storyboard in Resources */ = {isa = PBXBuildFile; fileRef = 709CD0F42651601C00A1C445 /* LaunchScreen.storyboard */; };
		709CD109265160C400A1C445 /* Home.storyboard in Resources */ = {isa = PBXBuildFile; fileRef = 709CD108265160C400A1C445 /* Home.storyboard */; };
		709CD11B265164A100A1C445 /* Main.storyboard in Resources */ = {isa = PBXBuildFile; fileRef = 709CD11A265164A100A1C445 /* Main.storyboard */; };
		709CD1272651657700A1C445 /* Search.storyboard in Resources */ = {isa = PBXBuildFile; fileRef = 709CD1262651657700A1C445 /* Search.storyboard */; };
		709CD12A2651658600A1C445 /* SearchViewController.swift in Sources */ = {isa = PBXBuildFile; fileRef = 709CD1292651658600A1C445 /* SearchViewController.swift */; };
		709CD12F2651659600A1C445 /* HomeViewController.swift in Sources */ = {isa = PBXBuildFile; fileRef = 709CD12E2651659600A1C445 /* HomeViewController.swift */; };
		709CD132265165A200A1C445 /* UIColor.swift in Sources */ = {isa = PBXBuildFile; fileRef = 709CD131265165A200A1C445 /* UIColor.swift */; };
		709CD135265165AE00A1C445 /* UIFont.swift in Sources */ = {isa = PBXBuildFile; fileRef = 709CD134265165AE00A1C445 /* UIFont.swift */; };
		709CD138265165C300A1C445 /* Constants.swift in Sources */ = {isa = PBXBuildFile; fileRef = 709CD137265165C300A1C445 /* Constants.swift */; };
		709CD149265167CA00A1C445 /* MainPosterCollectionViewCell.swift in Sources */ = {isa = PBXBuildFile; fileRef = 709CD147265167CA00A1C445 /* MainPosterCollectionViewCell.swift */; };
		709CD15126516B2300A1C445 /* PosterModel.swift in Sources */ = {isa = PBXBuildFile; fileRef = 709CD15026516B2300A1C445 /* PosterModel.swift */; };
		709CD157265196FA00A1C445 /* SmallVideoModel.swift in Sources */ = {isa = PBXBuildFile; fileRef = 709CD156265196FA00A1C445 /* SmallVideoModel.swift */; };
		709CD15A2651970800A1C445 /* BigVideoModel.swift in Sources */ = {isa = PBXBuildFile; fileRef = 709CD1592651970800A1C445 /* BigVideoModel.swift */; };
		709CD1612651972100A1C445 /* SmallPosterModel.swift in Sources */ = {isa = PBXBuildFile; fileRef = 709CD1602651972100A1C445 /* SmallPosterModel.swift */; };
		709CD1642651974A00A1C445 /* CrewCollectionModel.swift in Sources */ = {isa = PBXBuildFile; fileRef = 709CD1632651974A00A1C445 /* CrewCollectionModel.swift */; };
		709CD1672651975B00A1C445 /* NameModel.swift in Sources */ = {isa = PBXBuildFile; fileRef = 709CD1662651975B00A1C445 /* NameModel.swift */; };
		70BE632C2652E5CA00F2678F /* SmallPosterCVC.swift in Sources */ = {isa = PBXBuildFile; fileRef = 70BE632A2652E5CA00F2678F /* SmallPosterCVC.swift */; };
		70BE632D2652E5CA00F2678F /* SmallPosterCVC.xib in Resources */ = {isa = PBXBuildFile; fileRef = 70BE632B2652E5CA00F2678F /* SmallPosterCVC.xib */; };
		70BE63392652F41800F2678F /* MyCustomHeader.swift in Sources */ = {isa = PBXBuildFile; fileRef = 70BE63382652F41800F2678F /* MyCustomHeader.swift */; };
		70BE63502652FBFB00F2678F /* SearchTitleModel.swift in Sources */ = {isa = PBXBuildFile; fileRef = 70BE634F2652FBFB00F2678F /* SearchTitleModel.swift */; };
		70BE63562653018600F2678F /* SmallPosterTVC.swift in Sources */ = {isa = PBXBuildFile; fileRef = 70BE63542653018600F2678F /* SmallPosterTVC.swift */; };
		70BE63572653018600F2678F /* SmallPosterTVC.xib in Resources */ = {isa = PBXBuildFile; fileRef = 70BE63552653018600F2678F /* SmallPosterTVC.xib */; };
		70BE63612653B42900F2678F /* RecommandTVC.swift in Sources */ = {isa = PBXBuildFile; fileRef = 70BE635F2653B42900F2678F /* RecommandTVC.swift */; };
		70BE63622653B42900F2678F /* RecommandTVC.xib in Resources */ = {isa = PBXBuildFile; fileRef = 70BE63602653B42900F2678F /* RecommandTVC.xib */; };
		70BE636C2653B45300F2678F /* DirectorTVC.swift in Sources */ = {isa = PBXBuildFile; fileRef = 70BE636A2653B45300F2678F /* DirectorTVC.swift */; };
		70BE636D2653B45300F2678F /* DirectorTVC.xib in Resources */ = {isa = PBXBuildFile; fileRef = 70BE636B2653B45300F2678F /* DirectorTVC.xib */; };
		70BE63752653B4BF00F2678F /* CrewPickTVC.swift in Sources */ = {isa = PBXBuildFile; fileRef = 70BE63732653B4BF00F2678F /* CrewPickTVC.swift */; };
		70BE63762653B4BF00F2678F /* CrewPickTVC.xib in Resources */ = {isa = PBXBuildFile; fileRef = 70BE63742653B4BF00F2678F /* CrewPickTVC.xib */; };
		70BE637B2653B86100F2678F /* Extension+UITableViewCell.swift in Sources */ = {isa = PBXBuildFile; fileRef = 70BE637A2653B86100F2678F /* Extension+UITableViewCell.swift */; };
		70BE637E2653B87100F2678F /* Extension+UITableView.swift in Sources */ = {isa = PBXBuildFile; fileRef = 70BE637D2653B87100F2678F /* Extension+UITableView.swift */; };
		70BE63832653C51800F2678F /* RecommandCVC.swift in Sources */ = {isa = PBXBuildFile; fileRef = 70BE63812653C51800F2678F /* RecommandCVC.swift */; };
		70BE63842653C51800F2678F /* RecommandCVC.xib in Resources */ = {isa = PBXBuildFile; fileRef = 70BE63822653C51800F2678F /* RecommandCVC.xib */; };
		70BE638B2653C78500F2678F /* CrewPickCVC.swift in Sources */ = {isa = PBXBuildFile; fileRef = 70BE63892653C78500F2678F /* CrewPickCVC.swift */; };
		70BE638C2653C78500F2678F /* CrewPickCVC.xib in Resources */ = {isa = PBXBuildFile; fileRef = 70BE638A2653C78500F2678F /* CrewPickCVC.xib */; };
		70BE63902653C79300F2678F /* DirectorCVC.swift in Sources */ = {isa = PBXBuildFile; fileRef = 70BE638E2653C79300F2678F /* DirectorCVC.swift */; };
		70BE63912653C79300F2678F /* DirectorCVC.xib in Resources */ = {isa = PBXBuildFile; fileRef = 70BE638F2653C79300F2678F /* DirectorCVC.xib */; };
		70BE6396265666CA00F2678F /* LeftAlignedCollectionViewFlowLayout.swift in Sources */ = {isa = PBXBuildFile; fileRef = 70BE6395265666CA00F2678F /* LeftAlignedCollectionViewFlowLayout.swift */; };
		FC200B072652B40100F320DC /* MyPageViewController.swift in Sources */ = {isa = PBXBuildFile; fileRef = FC200B062652B40100F320DC /* MyPageViewController.swift */; };
		FC200B0B2652B4B800F320DC /* MyPage.storyboard in Resources */ = {isa = PBXBuildFile; fileRef = FC200B0A2652B4B800F320DC /* MyPage.storyboard */; };
		FC200B0D2652B4C300F320DC /* CategoryViewController.swift in Sources */ = {isa = PBXBuildFile; fileRef = FC200B0C2652B4C300F320DC /* CategoryViewController.swift */; };
		FC200B0F2652B4D000F320DC /* Category.storyboard in Resources */ = {isa = PBXBuildFile; fileRef = FC200B0E2652B4D000F320DC /* Category.storyboard */; };
/* End PBXBuildFile section */

/* Begin PBXFileReference section */
		091A91516E03B3616C9E975E /* Pods-Watcha-iOS.release.xcconfig */ = {isa = PBXFileReference; includeInIndex = 1; lastKnownFileType = text.xcconfig; name = "Pods-Watcha-iOS.release.xcconfig"; path = "Target Support Files/Pods-Watcha-iOS/Pods-Watcha-iOS.release.xcconfig"; sourceTree = "<group>"; };
		34493663EED402D2AC614590 /* Pods-Watcha-iOS.debug.xcconfig */ = {isa = PBXFileReference; includeInIndex = 1; lastKnownFileType = text.xcconfig; name = "Pods-Watcha-iOS.debug.xcconfig"; path = "Target Support Files/Pods-Watcha-iOS/Pods-Watcha-iOS.debug.xcconfig"; sourceTree = "<group>"; };
		4002D39F2653375F00A97BB7 /* FirstSmallVideoCollectionViewCell.swift */ = {isa = PBXFileReference; lastKnownFileType = sourcecode.swift; path = FirstSmallVideoCollectionViewCell.swift; sourceTree = "<group>"; };
		40AAFF3D26535F2A008F6E78 /* BigVideoCollectionViewCell.swift */ = {isa = PBXFileReference; lastKnownFileType = sourcecode.swift; path = BigVideoCollectionViewCell.swift; sourceTree = "<group>"; };
		40AAFF452653937A008F6E78 /* SecondSmallVideoCollectionViewCell.swift */ = {isa = PBXFileReference; lastKnownFileType = sourcecode.swift; path = SecondSmallVideoCollectionViewCell.swift; sourceTree = "<group>"; };
		709CD0E62651601A00A1C445 /* Watcha-iOS.app */ = {isa = PBXFileReference; explicitFileType = wrapper.application; includeInIndex = 0; path = "Watcha-iOS.app"; sourceTree = BUILT_PRODUCTS_DIR; };
		709CD0E92651601A00A1C445 /* AppDelegate.swift */ = {isa = PBXFileReference; lastKnownFileType = sourcecode.swift; path = AppDelegate.swift; sourceTree = "<group>"; };
		709CD0EB2651601A00A1C445 /* SceneDelegate.swift */ = {isa = PBXFileReference; lastKnownFileType = sourcecode.swift; path = SceneDelegate.swift; sourceTree = "<group>"; };
		709CD0F22651601C00A1C445 /* Assets.xcassets */ = {isa = PBXFileReference; lastKnownFileType = folder.assetcatalog; path = Assets.xcassets; sourceTree = "<group>"; };
		709CD0F52651601C00A1C445 /* Base */ = {isa = PBXFileReference; lastKnownFileType = file.storyboard; name = Base; path = Base.lproj/LaunchScreen.storyboard; sourceTree = "<group>"; };
		709CD0F72651601C00A1C445 /* Info.plist */ = {isa = PBXFileReference; lastKnownFileType = text.plist.xml; path = Info.plist; sourceTree = "<group>"; };
		709CD108265160C400A1C445 /* Home.storyboard */ = {isa = PBXFileReference; lastKnownFileType = file.storyboard; path = Home.storyboard; sourceTree = "<group>"; };
		709CD11A265164A100A1C445 /* Main.storyboard */ = {isa = PBXFileReference; lastKnownFileType = file.storyboard; path = Main.storyboard; sourceTree = "<group>"; };
		709CD1262651657700A1C445 /* Search.storyboard */ = {isa = PBXFileReference; lastKnownFileType = file.storyboard; path = Search.storyboard; sourceTree = "<group>"; };
		709CD1292651658600A1C445 /* SearchViewController.swift */ = {isa = PBXFileReference; lastKnownFileType = sourcecode.swift; path = SearchViewController.swift; sourceTree = "<group>"; };
		709CD12E2651659600A1C445 /* HomeViewController.swift */ = {isa = PBXFileReference; lastKnownFileType = sourcecode.swift; path = HomeViewController.swift; sourceTree = "<group>"; };
		709CD131265165A200A1C445 /* UIColor.swift */ = {isa = PBXFileReference; lastKnownFileType = sourcecode.swift; path = UIColor.swift; sourceTree = "<group>"; };
		709CD134265165AE00A1C445 /* UIFont.swift */ = {isa = PBXFileReference; lastKnownFileType = sourcecode.swift; path = UIFont.swift; sourceTree = "<group>"; };
		709CD137265165C300A1C445 /* Constants.swift */ = {isa = PBXFileReference; lastKnownFileType = sourcecode.swift; path = Constants.swift; sourceTree = "<group>"; };
		709CD147265167CA00A1C445 /* MainPosterCollectionViewCell.swift */ = {isa = PBXFileReference; lastKnownFileType = sourcecode.swift; path = MainPosterCollectionViewCell.swift; sourceTree = "<group>"; };
		709CD15026516B2300A1C445 /* PosterModel.swift */ = {isa = PBXFileReference; lastKnownFileType = sourcecode.swift; path = PosterModel.swift; sourceTree = "<group>"; };
		709CD156265196FA00A1C445 /* SmallVideoModel.swift */ = {isa = PBXFileReference; lastKnownFileType = sourcecode.swift; path = SmallVideoModel.swift; sourceTree = "<group>"; };
		709CD1592651970800A1C445 /* BigVideoModel.swift */ = {isa = PBXFileReference; lastKnownFileType = sourcecode.swift; path = BigVideoModel.swift; sourceTree = "<group>"; };
		709CD1602651972100A1C445 /* SmallPosterModel.swift */ = {isa = PBXFileReference; lastKnownFileType = sourcecode.swift; path = SmallPosterModel.swift; sourceTree = "<group>"; };
		709CD1632651974A00A1C445 /* CrewCollectionModel.swift */ = {isa = PBXFileReference; lastKnownFileType = sourcecode.swift; path = CrewCollectionModel.swift; sourceTree = "<group>"; };
		709CD1662651975B00A1C445 /* NameModel.swift */ = {isa = PBXFileReference; lastKnownFileType = sourcecode.swift; path = NameModel.swift; sourceTree = "<group>"; };
		70BE632A2652E5CA00F2678F /* SmallPosterCVC.swift */ = {isa = PBXFileReference; lastKnownFileType = sourcecode.swift; path = SmallPosterCVC.swift; sourceTree = "<group>"; };
		70BE632B2652E5CA00F2678F /* SmallPosterCVC.xib */ = {isa = PBXFileReference; lastKnownFileType = file.xib; path = SmallPosterCVC.xib; sourceTree = "<group>"; };
		70BE63382652F41800F2678F /* MyCustomHeader.swift */ = {isa = PBXFileReference; lastKnownFileType = sourcecode.swift; path = MyCustomHeader.swift; sourceTree = "<group>"; };
		70BE634F2652FBFB00F2678F /* SearchTitleModel.swift */ = {isa = PBXFileReference; lastKnownFileType = sourcecode.swift; path = SearchTitleModel.swift; sourceTree = "<group>"; };
		70BE63542653018600F2678F /* SmallPosterTVC.swift */ = {isa = PBXFileReference; lastKnownFileType = sourcecode.swift; path = SmallPosterTVC.swift; sourceTree = "<group>"; };
		70BE63552653018600F2678F /* SmallPosterTVC.xib */ = {isa = PBXFileReference; lastKnownFileType = file.xib; path = SmallPosterTVC.xib; sourceTree = "<group>"; };
		70BE635F2653B42900F2678F /* RecommandTVC.swift */ = {isa = PBXFileReference; lastKnownFileType = sourcecode.swift; path = RecommandTVC.swift; sourceTree = "<group>"; };
		70BE63602653B42900F2678F /* RecommandTVC.xib */ = {isa = PBXFileReference; lastKnownFileType = file.xib; path = RecommandTVC.xib; sourceTree = "<group>"; };
		70BE636A2653B45300F2678F /* DirectorTVC.swift */ = {isa = PBXFileReference; lastKnownFileType = sourcecode.swift; path = DirectorTVC.swift; sourceTree = "<group>"; };
		70BE636B2653B45300F2678F /* DirectorTVC.xib */ = {isa = PBXFileReference; lastKnownFileType = file.xib; path = DirectorTVC.xib; sourceTree = "<group>"; };
		70BE63732653B4BF00F2678F /* CrewPickTVC.swift */ = {isa = PBXFileReference; lastKnownFileType = sourcecode.swift; path = CrewPickTVC.swift; sourceTree = "<group>"; };
		70BE63742653B4BF00F2678F /* CrewPickTVC.xib */ = {isa = PBXFileReference; lastKnownFileType = file.xib; path = CrewPickTVC.xib; sourceTree = "<group>"; };
		70BE637A2653B86100F2678F /* Extension+UITableViewCell.swift */ = {isa = PBXFileReference; lastKnownFileType = sourcecode.swift; path = "Extension+UITableViewCell.swift"; sourceTree = "<group>"; };
		70BE637D2653B87100F2678F /* Extension+UITableView.swift */ = {isa = PBXFileReference; lastKnownFileType = sourcecode.swift; path = "Extension+UITableView.swift"; sourceTree = "<group>"; };
		70BE63812653C51800F2678F /* RecommandCVC.swift */ = {isa = PBXFileReference; lastKnownFileType = sourcecode.swift; path = RecommandCVC.swift; sourceTree = "<group>"; };
		70BE63822653C51800F2678F /* RecommandCVC.xib */ = {isa = PBXFileReference; lastKnownFileType = file.xib; path = RecommandCVC.xib; sourceTree = "<group>"; };
		70BE63892653C78500F2678F /* CrewPickCVC.swift */ = {isa = PBXFileReference; lastKnownFileType = sourcecode.swift; path = CrewPickCVC.swift; sourceTree = "<group>"; };
		70BE638A2653C78500F2678F /* CrewPickCVC.xib */ = {isa = PBXFileReference; lastKnownFileType = file.xib; path = CrewPickCVC.xib; sourceTree = "<group>"; };
		70BE638E2653C79300F2678F /* DirectorCVC.swift */ = {isa = PBXFileReference; lastKnownFileType = sourcecode.swift; path = DirectorCVC.swift; sourceTree = "<group>"; };
		70BE638F2653C79300F2678F /* DirectorCVC.xib */ = {isa = PBXFileReference; lastKnownFileType = file.xib; path = DirectorCVC.xib; sourceTree = "<group>"; };
		70BE6395265666CA00F2678F /* LeftAlignedCollectionViewFlowLayout.swift */ = {isa = PBXFileReference; lastKnownFileType = sourcecode.swift; path = LeftAlignedCollectionViewFlowLayout.swift; sourceTree = "<group>"; };
		78A0ECAE6308980422F8841F /* Pods_Watcha_iOS.framework */ = {isa = PBXFileReference; explicitFileType = wrapper.framework; includeInIndex = 0; path = Pods_Watcha_iOS.framework; sourceTree = BUILT_PRODUCTS_DIR; };
		FC200B062652B40100F320DC /* MyPageViewController.swift */ = {isa = PBXFileReference; lastKnownFileType = sourcecode.swift; path = MyPageViewController.swift; sourceTree = "<group>"; };
		FC200B0A2652B4B800F320DC /* MyPage.storyboard */ = {isa = PBXFileReference; lastKnownFileType = file.storyboard; path = MyPage.storyboard; sourceTree = "<group>"; };
		FC200B0C2652B4C300F320DC /* CategoryViewController.swift */ = {isa = PBXFileReference; lastKnownFileType = sourcecode.swift; path = CategoryViewController.swift; sourceTree = "<group>"; };
		FC200B0E2652B4D000F320DC /* Category.storyboard */ = {isa = PBXFileReference; lastKnownFileType = file.storyboard; path = Category.storyboard; sourceTree = "<group>"; };
/* End PBXFileReference section */

/* Begin PBXFrameworksBuildPhase section */
		709CD0E32651601A00A1C445 /* Frameworks */ = {
			isa = PBXFrameworksBuildPhase;
			buildActionMask = 2147483647;
			files = (
				054D2017464DFF9CFED0835C /* Pods_Watcha_iOS.framework in Frameworks */,
			);
			runOnlyForDeploymentPostprocessing = 0;
		};
/* End PBXFrameworksBuildPhase section */

/* Begin PBXGroup section */
		219A54E2213A5431BBADD575 /* Pods */ = {
			isa = PBXGroup;
			children = (
				34493663EED402D2AC614590 /* Pods-Watcha-iOS.debug.xcconfig */,
				091A91516E03B3616C9E975E /* Pods-Watcha-iOS.release.xcconfig */,
			);
			path = Pods;
			sourceTree = "<group>";
		};
		709CD0DD2651601A00A1C445 = {
			isa = PBXGroup;
			children = (
				709CD0E82651601A00A1C445 /* Watcha-iOS */,
				709CD0E72651601A00A1C445 /* Products */,
				219A54E2213A5431BBADD575 /* Pods */,
				80D52F3106DB6F52B6753F62 /* Frameworks */,
			);
			sourceTree = "<group>";
		};
		709CD0E72651601A00A1C445 /* Products */ = {
			isa = PBXGroup;
			children = (
				709CD0E62651601A00A1C445 /* Watcha-iOS.app */,
			);
			name = Products;
			sourceTree = "<group>";
		};
		709CD0E82651601A00A1C445 /* Watcha-iOS */ = {
			isa = PBXGroup;
			children = (
				709CD0FE2651603100A1C445 /* Application */,
				709CD0FF2651603800A1C445 /* Common */,
				709CD1012651604600A1C445 /* Resources */,
				709CD1002651603D00A1C445 /* Sources */,
				709CD0F72651601C00A1C445 /* Info.plist */,
			);
			path = "Watcha-iOS";
			sourceTree = "<group>";
		};
		709CD0FE2651603100A1C445 /* Application */ = {
			isa = PBXGroup;
			children = (
				709CD0F42651601C00A1C445 /* LaunchScreen.storyboard */,
				709CD0EB2651601A00A1C445 /* SceneDelegate.swift */,
				709CD0E92651601A00A1C445 /* AppDelegate.swift */,
			);
			path = Application;
			sourceTree = "<group>";
		};
		709CD0FF2651603800A1C445 /* Common */ = {
			isa = PBXGroup;
			children = (
				709CD11E2651652D00A1C445 /* Extensions */,
				709CD137265165C300A1C445 /* Constants.swift */,
			);
			path = Common;
			sourceTree = "<group>";
		};
		709CD1002651603D00A1C445 /* Sources */ = {
			isa = PBXGroup;
			children = (
				FC200B092652B49C00F320DC /* Category */,
				FC200B082652B49400F320DC /* MyPage */,
				709CD1212651654B00A1C445 /* Model */,
				709CD1172651643200A1C445 /* Home */,
				709CD1222651655200A1C445 /* Search */,
			);
			path = Sources;
			sourceTree = "<group>";
		};
		709CD1012651604600A1C445 /* Resources */ = {
			isa = PBXGroup;
			children = (
				709CD0F22651601C00A1C445 /* Assets.xcassets */,
			);
			path = Resources;
			sourceTree = "<group>";
		};
		709CD1172651643200A1C445 /* Home */ = {
			isa = PBXGroup;
			children = (
				709CD11A265164A100A1C445 /* Main.storyboard */,
				709CD108265160C400A1C445 /* Home.storyboard */,
				709CD12E2651659600A1C445 /* HomeViewController.swift */,
				709CD11F2651654000A1C445 /* Cells */,
				709CD1202651654400A1C445 /* Service */,
			);
			path = Home;
			sourceTree = "<group>";
		};
		709CD11E2651652D00A1C445 /* Extensions */ = {
			isa = PBXGroup;
			children = (
				709CD131265165A200A1C445 /* UIColor.swift */,
				709CD134265165AE00A1C445 /* UIFont.swift */,
				70BE637D2653B87100F2678F /* Extension+UITableView.swift */,
				70BE637A2653B86100F2678F /* Extension+UITableViewCell.swift */,
			);
			path = Extensions;
			sourceTree = "<group>";
		};
		709CD11F2651654000A1C445 /* Cells */ = {
			isa = PBXGroup;
			children = (
				709CD13C2651672000A1C445 /* CollectionViewCells */,
			);
			path = Cells;
			sourceTree = "<group>";
		};
		709CD1202651654400A1C445 /* Service */ = {
			isa = PBXGroup;
			children = (
			);
			path = Service;
			sourceTree = "<group>";
		};
		709CD1212651654B00A1C445 /* Model */ = {
			isa = PBXGroup;
			children = (
				709CD15026516B2300A1C445 /* PosterModel.swift */,
				709CD156265196FA00A1C445 /* SmallVideoModel.swift */,
				709CD1592651970800A1C445 /* BigVideoModel.swift */,
			);
			path = Model;
			sourceTree = "<group>";
		};
		709CD1222651655200A1C445 /* Search */ = {
			isa = PBXGroup;
			children = (
				709CD1262651657700A1C445 /* Search.storyboard */,
				709CD1292651658600A1C445 /* SearchViewController.swift */,
				709CD1252651656700A1C445 /* Cells */,
				70BE635A265308D400F2678F /* Model */,
				709CD1232651655D00A1C445 /* Service */,
			);
			path = Search;
			sourceTree = "<group>";
		};
		709CD1232651655D00A1C445 /* Service */ = {
			isa = PBXGroup;
			children = (
			);
			path = Service;
			sourceTree = "<group>";
		};
		709CD1252651656700A1C445 /* Cells */ = {
			isa = PBXGroup;
			children = (
				70BE63202652E53500F2678F /* Table Cells */,
				70BE63212652E53B00F2678F /* Collection Cells */,
			);
			path = Cells;
			sourceTree = "<group>";
		};
		709CD13C2651672000A1C445 /* CollectionViewCells */ = {
			isa = PBXGroup;
			children = (
				709CD147265167CA00A1C445 /* MainPosterCollectionViewCell.swift */,
				4002D39F2653375F00A97BB7 /* FirstSmallVideoCollectionViewCell.swift */,
				40AAFF3D26535F2A008F6E78 /* BigVideoCollectionViewCell.swift */,
				40AAFF452653937A008F6E78 /* SecondSmallVideoCollectionViewCell.swift */,
			);
			path = CollectionViewCells;
			sourceTree = "<group>";
		};
		70BE63202652E53500F2678F /* Table Cells */ = {
			isa = PBXGroup;
			children = (
				70BE63442652FAA200F2678F /* SmallPosterTVC */,
				70BE635C2653B3ED00F2678F /* RecommandTVC */,
				70BE635D2653B3F500F2678F /* CrewPickTVC */,
				70BE635E2653B3FC00F2678F /* DirectorTVC */,
				70BE63382652F41800F2678F /* MyCustomHeader.swift */,
			);
			path = "Table Cells";
			sourceTree = "<group>";
		};
		70BE63212652E53B00F2678F /* Collection Cells */ = {
			isa = PBXGroup;
			children = (
				70BE632F2652E5D300F2678F /* SmallPosterCVC */,
				70BE63302652E5E400F2678F /* RecommandCVC */,
				70BE63312652E5EF00F2678F /* CrewPickCVC */,
				70BE63322652E5F700F2678F /* DirectorCVC */,
			);
			path = "Collection Cells";
			sourceTree = "<group>";
		};
		70BE632F2652E5D300F2678F /* SmallPosterCVC */ = {
			isa = PBXGroup;
			children = (
				70BE632A2652E5CA00F2678F /* SmallPosterCVC.swift */,
				70BE632B2652E5CA00F2678F /* SmallPosterCVC.xib */,
			);
			path = SmallPosterCVC;
			sourceTree = "<group>";
		};
		70BE63302652E5E400F2678F /* RecommandCVC */ = {
			isa = PBXGroup;
			children = (
				70BE63812653C51800F2678F /* RecommandCVC.swift */,
				70BE63822653C51800F2678F /* RecommandCVC.xib */,
			);
			path = RecommandCVC;
			sourceTree = "<group>";
		};
		70BE63312652E5EF00F2678F /* CrewPickCVC */ = {
			isa = PBXGroup;
			children = (
				70BE63892653C78500F2678F /* CrewPickCVC.swift */,
				70BE638A2653C78500F2678F /* CrewPickCVC.xib */,
			);
			path = CrewPickCVC;
			sourceTree = "<group>";
		};
		70BE63322652E5F700F2678F /* DirectorCVC */ = {
			isa = PBXGroup;
			children = (
				70BE638E2653C79300F2678F /* DirectorCVC.swift */,
				70BE638F2653C79300F2678F /* DirectorCVC.xib */,
			);
			path = DirectorCVC;
			sourceTree = "<group>";
		};
		70BE63442652FAA200F2678F /* SmallPosterTVC */ = {
			isa = PBXGroup;
			children = (
				70BE63542653018600F2678F /* SmallPosterTVC.swift */,
				70BE63552653018600F2678F /* SmallPosterTVC.xib */,
			);
			path = SmallPosterTVC;
			sourceTree = "<group>";
		};
		70BE635A265308D400F2678F /* Model */ = {
			isa = PBXGroup;
			children = (
				709CD1632651974A00A1C445 /* CrewCollectionModel.swift */,
				70BE634F2652FBFB00F2678F /* SearchTitleModel.swift */,
				709CD1602651972100A1C445 /* SmallPosterModel.swift */,
				709CD1662651975B00A1C445 /* NameModel.swift */,
			);
			path = Model;
			sourceTree = "<group>";
		};
		70BE635C2653B3ED00F2678F /* RecommandTVC */ = {
			isa = PBXGroup;
			children = (
				70BE635F2653B42900F2678F /* RecommandTVC.swift */,
				70BE63602653B42900F2678F /* RecommandTVC.xib */,
			);
			path = RecommandTVC;
			sourceTree = "<group>";
		};
		70BE635D2653B3F500F2678F /* CrewPickTVC */ = {
			isa = PBXGroup;
			children = (
				70BE63732653B4BF00F2678F /* CrewPickTVC.swift */,
				70BE63742653B4BF00F2678F /* CrewPickTVC.xib */,
			);
			path = CrewPickTVC;
			sourceTree = "<group>";
		};
		70BE635E2653B3FC00F2678F /* DirectorTVC */ = {
			isa = PBXGroup;
			children = (
				70BE636A2653B45300F2678F /* DirectorTVC.swift */,
				70BE6395265666CA00F2678F /* LeftAlignedCollectionViewFlowLayout.swift */,
				70BE636B2653B45300F2678F /* DirectorTVC.xib */,
			);
			path = DirectorTVC;
			sourceTree = "<group>";
		};
		80D52F3106DB6F52B6753F62 /* Frameworks */ = {
			isa = PBXGroup;
			children = (
				78A0ECAE6308980422F8841F /* Pods_Watcha_iOS.framework */,
			);
			name = Frameworks;
			sourceTree = "<group>";
		};
		FC200B082652B49400F320DC /* MyPage */ = {
			isa = PBXGroup;
			children = (
				FC200B062652B40100F320DC /* MyPageViewController.swift */,
				FC200B0A2652B4B800F320DC /* MyPage.storyboard */,
			);
			path = MyPage;
			sourceTree = "<group>";
		};
		FC200B092652B49C00F320DC /* Category */ = {
			isa = PBXGroup;
			children = (
				FC200B0C2652B4C300F320DC /* CategoryViewController.swift */,
				FC200B0E2652B4D000F320DC /* Category.storyboard */,
			);
			path = Category;
			sourceTree = "<group>";
		};
/* End PBXGroup section */

/* Begin PBXNativeTarget section */
		709CD0E52651601A00A1C445 /* Watcha-iOS */ = {
			isa = PBXNativeTarget;
			buildConfigurationList = 709CD0FA2651601C00A1C445 /* Build configuration list for PBXNativeTarget "Watcha-iOS" */;
			buildPhases = (
				A9A6BAB6E78D212407203729 /* [CP] Check Pods Manifest.lock */,
				709CD0E22651601A00A1C445 /* Sources */,
				709CD0E32651601A00A1C445 /* Frameworks */,
				709CD0E42651601A00A1C445 /* Resources */,
				A818B97676E0FB783950EB00 /* [CP] Embed Pods Frameworks */,
			);
			buildRules = (
			);
			dependencies = (
			);
			name = "Watcha-iOS";
			productName = "Watcha-iOS";
			productReference = 709CD0E62651601A00A1C445 /* Watcha-iOS.app */;
			productType = "com.apple.product-type.application";
		};
/* End PBXNativeTarget section */

/* Begin PBXProject section */
		709CD0DE2651601A00A1C445 /* Project object */ = {
			isa = PBXProject;
			attributes = {
				LastSwiftUpdateCheck = 1230;
				LastUpgradeCheck = 1230;
				TargetAttributes = {
					709CD0E52651601A00A1C445 = {
						CreatedOnToolsVersion = 12.3;
					};
				};
			};
			buildConfigurationList = 709CD0E12651601A00A1C445 /* Build configuration list for PBXProject "Watcha-iOS" */;
			compatibilityVersion = "Xcode 9.3";
			developmentRegion = en;
			hasScannedForEncodings = 0;
			knownRegions = (
				en,
				Base,
			);
			mainGroup = 709CD0DD2651601A00A1C445;
			productRefGroup = 709CD0E72651601A00A1C445 /* Products */;
			projectDirPath = "";
			projectRoot = "";
			targets = (
				709CD0E52651601A00A1C445 /* Watcha-iOS */,
			);
		};
/* End PBXProject section */

/* Begin PBXResourcesBuildPhase section */
		709CD0E42651601A00A1C445 /* Resources */ = {
			isa = PBXResourcesBuildPhase;
			buildActionMask = 2147483647;
			files = (
				FC200B0F2652B4D000F320DC /* Category.storyboard in Resources */,
				70BE63622653B42900F2678F /* RecommandTVC.xib in Resources */,
				709CD0F62651601C00A1C445 /* LaunchScreen.storyboard in Resources */,
				70BE63572653018600F2678F /* SmallPosterTVC.xib in Resources */,
				70BE632D2652E5CA00F2678F /* SmallPosterCVC.xib in Resources */,
				70BE636D2653B45300F2678F /* DirectorTVC.xib in Resources */,
				70BE63762653B4BF00F2678F /* CrewPickTVC.xib in Resources */,
				70BE63912653C79300F2678F /* DirectorCVC.xib in Resources */,
				709CD0F32651601C00A1C445 /* Assets.xcassets in Resources */,
				709CD109265160C400A1C445 /* Home.storyboard in Resources */,
				FC200B0B2652B4B800F320DC /* MyPage.storyboard in Resources */,
				709CD11B265164A100A1C445 /* Main.storyboard in Resources */,
				709CD1272651657700A1C445 /* Search.storyboard in Resources */,
				70BE638C2653C78500F2678F /* CrewPickCVC.xib in Resources */,
				70BE63842653C51800F2678F /* RecommandCVC.xib in Resources */,
			);
			runOnlyForDeploymentPostprocessing = 0;
		};
/* End PBXResourcesBuildPhase section */

/* Begin PBXShellScriptBuildPhase section */
		A818B97676E0FB783950EB00 /* [CP] Embed Pods Frameworks */ = {
			isa = PBXShellScriptBuildPhase;
			buildActionMask = 2147483647;
			files = (
			);
			inputFileListPaths = (
				"${PODS_ROOT}/Target Support Files/Pods-Watcha-iOS/Pods-Watcha-iOS-frameworks-${CONFIGURATION}-input-files.xcfilelist",
			);
			name = "[CP] Embed Pods Frameworks";
			outputFileListPaths = (
				"${PODS_ROOT}/Target Support Files/Pods-Watcha-iOS/Pods-Watcha-iOS-frameworks-${CONFIGURATION}-output-files.xcfilelist",
			);
			runOnlyForDeploymentPostprocessing = 0;
			shellPath = /bin/sh;
			shellScript = "\"${PODS_ROOT}/Target Support Files/Pods-Watcha-iOS/Pods-Watcha-iOS-frameworks.sh\"\n";
			showEnvVarsInLog = 0;
		};
		A9A6BAB6E78D212407203729 /* [CP] Check Pods Manifest.lock */ = {
			isa = PBXShellScriptBuildPhase;
			buildActionMask = 2147483647;
			files = (
			);
			inputFileListPaths = (
			);
			inputPaths = (
				"${PODS_PODFILE_DIR_PATH}/Podfile.lock",
				"${PODS_ROOT}/Manifest.lock",
			);
			name = "[CP] Check Pods Manifest.lock";
			outputFileListPaths = (
			);
			outputPaths = (
				"$(DERIVED_FILE_DIR)/Pods-Watcha-iOS-checkManifestLockResult.txt",
			);
			runOnlyForDeploymentPostprocessing = 0;
			shellPath = /bin/sh;
			shellScript = "diff \"${PODS_PODFILE_DIR_PATH}/Podfile.lock\" \"${PODS_ROOT}/Manifest.lock\" > /dev/null\nif [ $? != 0 ] ; then\n    # print error to STDERR\n    echo \"error: The sandbox is not in sync with the Podfile.lock. Run 'pod install' or update your CocoaPods installation.\" >&2\n    exit 1\nfi\n# This output is used by Xcode 'outputs' to avoid re-running this script phase.\necho \"SUCCESS\" > \"${SCRIPT_OUTPUT_FILE_0}\"\n";
			showEnvVarsInLog = 0;
		};
/* End PBXShellScriptBuildPhase section */

/* Begin PBXSourcesBuildPhase section */
		709CD0E22651601A00A1C445 /* Sources */ = {
			isa = PBXSourcesBuildPhase;
			buildActionMask = 2147483647;
			files = (
				70BE6396265666CA00F2678F /* LeftAlignedCollectionViewFlowLayout.swift in Sources */,
				70BE638B2653C78500F2678F /* CrewPickCVC.swift in Sources */,
				709CD12A2651658600A1C445 /* SearchViewController.swift in Sources */,
				70BE636C2653B45300F2678F /* DirectorTVC.swift in Sources */,
				709CD0EA2651601A00A1C445 /* AppDelegate.swift in Sources */,
				70BE63902653C79300F2678F /* DirectorCVC.swift in Sources */,
				709CD15A2651970800A1C445 /* BigVideoModel.swift in Sources */,
				70BE63502652FBFB00F2678F /* SearchTitleModel.swift in Sources */,
				70BE63832653C51800F2678F /* RecommandCVC.swift in Sources */,
				709CD135265165AE00A1C445 /* UIFont.swift in Sources */,
				40AAFF3E26535F2A008F6E78 /* BigVideoCollectionViewCell.swift in Sources */,
				FC200B0D2652B4C300F320DC /* CategoryViewController.swift in Sources */,
				709CD0EC2651601A00A1C445 /* SceneDelegate.swift in Sources */,
				4002D3A02653375F00A97BB7 /* FirstSmallVideoCollectionViewCell.swift in Sources */,
				709CD149265167CA00A1C445 /* MainPosterCollectionViewCell.swift in Sources */,
				709CD1672651975B00A1C445 /* NameModel.swift in Sources */,
				709CD138265165C300A1C445 /* Constants.swift in Sources */,
				70BE637B2653B86100F2678F /* Extension+UITableViewCell.swift in Sources */,
				70BE63752653B4BF00F2678F /* CrewPickTVC.swift in Sources */,
				70BE63392652F41800F2678F /* MyCustomHeader.swift in Sources */,
				70BE63612653B42900F2678F /* RecommandTVC.swift in Sources */,
				709CD15126516B2300A1C445 /* PosterModel.swift in Sources */,
				70BE637E2653B87100F2678F /* Extension+UITableView.swift in Sources */,
				40AAFF462653937A008F6E78 /* SecondSmallVideoCollectionViewCell.swift in Sources */,
				709CD1612651972100A1C445 /* SmallPosterModel.swift in Sources */,
				FC200B072652B40100F320DC /* MyPageViewController.swift in Sources */,
				70BE632C2652E5CA00F2678F /* SmallPosterCVC.swift in Sources */,
				709CD12F2651659600A1C445 /* HomeViewController.swift in Sources */,
				709CD132265165A200A1C445 /* UIColor.swift in Sources */,
				709CD157265196FA00A1C445 /* SmallVideoModel.swift in Sources */,
				70BE63562653018600F2678F /* SmallPosterTVC.swift in Sources */,
				709CD1642651974A00A1C445 /* CrewCollectionModel.swift in Sources */,
			);
			runOnlyForDeploymentPostprocessing = 0;
		};
/* End PBXSourcesBuildPhase section */

/* Begin PBXVariantGroup section */
		709CD0F42651601C00A1C445 /* LaunchScreen.storyboard */ = {
			isa = PBXVariantGroup;
			children = (
				709CD0F52651601C00A1C445 /* Base */,
			);
			name = LaunchScreen.storyboard;
			sourceTree = "<group>";
		};
/* End PBXVariantGroup section */

/* Begin XCBuildConfiguration section */
		709CD0F82651601C00A1C445 /* Debug */ = {
			isa = XCBuildConfiguration;
			buildSettings = {
				ALWAYS_SEARCH_USER_PATHS = NO;
				CLANG_ANALYZER_NONNULL = YES;
				CLANG_ANALYZER_NUMBER_OBJECT_CONVERSION = YES_AGGRESSIVE;
				CLANG_CXX_LANGUAGE_STANDARD = "gnu++14";
				CLANG_CXX_LIBRARY = "libc++";
				CLANG_ENABLE_MODULES = YES;
				CLANG_ENABLE_OBJC_ARC = YES;
				CLANG_ENABLE_OBJC_WEAK = YES;
				CLANG_WARN_BLOCK_CAPTURE_AUTORELEASING = YES;
				CLANG_WARN_BOOL_CONVERSION = YES;
				CLANG_WARN_COMMA = YES;
				CLANG_WARN_CONSTANT_CONVERSION = YES;
				CLANG_WARN_DEPRECATED_OBJC_IMPLEMENTATIONS = YES;
				CLANG_WARN_DIRECT_OBJC_ISA_USAGE = YES_ERROR;
				CLANG_WARN_DOCUMENTATION_COMMENTS = YES;
				CLANG_WARN_EMPTY_BODY = YES;
				CLANG_WARN_ENUM_CONVERSION = YES;
				CLANG_WARN_INFINITE_RECURSION = YES;
				CLANG_WARN_INT_CONVERSION = YES;
				CLANG_WARN_NON_LITERAL_NULL_CONVERSION = YES;
				CLANG_WARN_OBJC_IMPLICIT_RETAIN_SELF = YES;
				CLANG_WARN_OBJC_LITERAL_CONVERSION = YES;
				CLANG_WARN_OBJC_ROOT_CLASS = YES_ERROR;
				CLANG_WARN_QUOTED_INCLUDE_IN_FRAMEWORK_HEADER = YES;
				CLANG_WARN_RANGE_LOOP_ANALYSIS = YES;
				CLANG_WARN_STRICT_PROTOTYPES = YES;
				CLANG_WARN_SUSPICIOUS_MOVE = YES;
				CLANG_WARN_UNGUARDED_AVAILABILITY = YES_AGGRESSIVE;
				CLANG_WARN_UNREACHABLE_CODE = YES;
				CLANG_WARN__DUPLICATE_METHOD_MATCH = YES;
				COPY_PHASE_STRIP = NO;
				DEBUG_INFORMATION_FORMAT = dwarf;
				ENABLE_STRICT_OBJC_MSGSEND = YES;
				ENABLE_TESTABILITY = YES;
				GCC_C_LANGUAGE_STANDARD = gnu11;
				GCC_DYNAMIC_NO_PIC = NO;
				GCC_NO_COMMON_BLOCKS = YES;
				GCC_OPTIMIZATION_LEVEL = 0;
				GCC_PREPROCESSOR_DEFINITIONS = (
					"DEBUG=1",
					"$(inherited)",
				);
				GCC_WARN_64_TO_32_BIT_CONVERSION = YES;
				GCC_WARN_ABOUT_RETURN_TYPE = YES_ERROR;
				GCC_WARN_UNDECLARED_SELECTOR = YES;
				GCC_WARN_UNINITIALIZED_AUTOS = YES_AGGRESSIVE;
				GCC_WARN_UNUSED_FUNCTION = YES;
				GCC_WARN_UNUSED_VARIABLE = YES;
				IPHONEOS_DEPLOYMENT_TARGET = 14.3;
				MTL_ENABLE_DEBUG_INFO = INCLUDE_SOURCE;
				MTL_FAST_MATH = YES;
				ONLY_ACTIVE_ARCH = YES;
				SDKROOT = iphoneos;
				SWIFT_ACTIVE_COMPILATION_CONDITIONS = DEBUG;
				SWIFT_OPTIMIZATION_LEVEL = "-Onone";
			};
			name = Debug;
		};
		709CD0F92651601C00A1C445 /* Release */ = {
			isa = XCBuildConfiguration;
			buildSettings = {
				ALWAYS_SEARCH_USER_PATHS = NO;
				CLANG_ANALYZER_NONNULL = YES;
				CLANG_ANALYZER_NUMBER_OBJECT_CONVERSION = YES_AGGRESSIVE;
				CLANG_CXX_LANGUAGE_STANDARD = "gnu++14";
				CLANG_CXX_LIBRARY = "libc++";
				CLANG_ENABLE_MODULES = YES;
				CLANG_ENABLE_OBJC_ARC = YES;
				CLANG_ENABLE_OBJC_WEAK = YES;
				CLANG_WARN_BLOCK_CAPTURE_AUTORELEASING = YES;
				CLANG_WARN_BOOL_CONVERSION = YES;
				CLANG_WARN_COMMA = YES;
				CLANG_WARN_CONSTANT_CONVERSION = YES;
				CLANG_WARN_DEPRECATED_OBJC_IMPLEMENTATIONS = YES;
				CLANG_WARN_DIRECT_OBJC_ISA_USAGE = YES_ERROR;
				CLANG_WARN_DOCUMENTATION_COMMENTS = YES;
				CLANG_WARN_EMPTY_BODY = YES;
				CLANG_WARN_ENUM_CONVERSION = YES;
				CLANG_WARN_INFINITE_RECURSION = YES;
				CLANG_WARN_INT_CONVERSION = YES;
				CLANG_WARN_NON_LITERAL_NULL_CONVERSION = YES;
				CLANG_WARN_OBJC_IMPLICIT_RETAIN_SELF = YES;
				CLANG_WARN_OBJC_LITERAL_CONVERSION = YES;
				CLANG_WARN_OBJC_ROOT_CLASS = YES_ERROR;
				CLANG_WARN_QUOTED_INCLUDE_IN_FRAMEWORK_HEADER = YES;
				CLANG_WARN_RANGE_LOOP_ANALYSIS = YES;
				CLANG_WARN_STRICT_PROTOTYPES = YES;
				CLANG_WARN_SUSPICIOUS_MOVE = YES;
				CLANG_WARN_UNGUARDED_AVAILABILITY = YES_AGGRESSIVE;
				CLANG_WARN_UNREACHABLE_CODE = YES;
				CLANG_WARN__DUPLICATE_METHOD_MATCH = YES;
				COPY_PHASE_STRIP = NO;
				DEBUG_INFORMATION_FORMAT = "dwarf-with-dsym";
				ENABLE_NS_ASSERTIONS = NO;
				ENABLE_STRICT_OBJC_MSGSEND = YES;
				GCC_C_LANGUAGE_STANDARD = gnu11;
				GCC_NO_COMMON_BLOCKS = YES;
				GCC_WARN_64_TO_32_BIT_CONVERSION = YES;
				GCC_WARN_ABOUT_RETURN_TYPE = YES_ERROR;
				GCC_WARN_UNDECLARED_SELECTOR = YES;
				GCC_WARN_UNINITIALIZED_AUTOS = YES_AGGRESSIVE;
				GCC_WARN_UNUSED_FUNCTION = YES;
				GCC_WARN_UNUSED_VARIABLE = YES;
				IPHONEOS_DEPLOYMENT_TARGET = 14.3;
				MTL_ENABLE_DEBUG_INFO = NO;
				MTL_FAST_MATH = YES;
				SDKROOT = iphoneos;
				SWIFT_COMPILATION_MODE = wholemodule;
				SWIFT_OPTIMIZATION_LEVEL = "-O";
				VALIDATE_PRODUCT = YES;
			};
			name = Release;
		};
		709CD0FB2651601C00A1C445 /* Debug */ = {
			isa = XCBuildConfiguration;
			baseConfigurationReference = 34493663EED402D2AC614590 /* Pods-Watcha-iOS.debug.xcconfig */;
			buildSettings = {
				ASSETCATALOG_COMPILER_APPICON_NAME = AppIcon;
				ASSETCATALOG_COMPILER_GLOBAL_ACCENT_COLOR_NAME = AccentColor;
				CODE_SIGN_STYLE = Automatic;
				DEVELOPMENT_TEAM = 6925UVH9D7;
				INFOPLIST_FILE = "Watcha-iOS/Info.plist";
				LD_RUNPATH_SEARCH_PATHS = (
					"$(inherited)",
					"@executable_path/Frameworks",
				);
				PRODUCT_BUNDLE_IDENTIFIER = "com.jenny.Watcha-iOS";
				PRODUCT_NAME = "$(TARGET_NAME)";
				SWIFT_VERSION = 5.0;
				TARGETED_DEVICE_FAMILY = "1,2";
			};
			name = Debug;
		};
		709CD0FC2651601C00A1C445 /* Release */ = {
			isa = XCBuildConfiguration;
			baseConfigurationReference = 091A91516E03B3616C9E975E /* Pods-Watcha-iOS.release.xcconfig */;
			buildSettings = {
				ASSETCATALOG_COMPILER_APPICON_NAME = AppIcon;
				ASSETCATALOG_COMPILER_GLOBAL_ACCENT_COLOR_NAME = AccentColor;
				CODE_SIGN_STYLE = Automatic;
				DEVELOPMENT_TEAM = 6925UVH9D7;
				INFOPLIST_FILE = "Watcha-iOS/Info.plist";
				LD_RUNPATH_SEARCH_PATHS = (
					"$(inherited)",
					"@executable_path/Frameworks",
				);
				PRODUCT_BUNDLE_IDENTIFIER = "com.jenny.Watcha-iOS";
				PRODUCT_NAME = "$(TARGET_NAME)";
				SWIFT_VERSION = 5.0;
				TARGETED_DEVICE_FAMILY = "1,2";
			};
			name = Release;
		};
/* End XCBuildConfiguration section */

/* Begin XCConfigurationList section */
		709CD0E12651601A00A1C445 /* Build configuration list for PBXProject "Watcha-iOS" */ = {
			isa = XCConfigurationList;
			buildConfigurations = (
				709CD0F82651601C00A1C445 /* Debug */,
				709CD0F92651601C00A1C445 /* Release */,
			);
			defaultConfigurationIsVisible = 0;
			defaultConfigurationName = Release;
		};
		709CD0FA2651601C00A1C445 /* Build configuration list for PBXNativeTarget "Watcha-iOS" */ = {
			isa = XCConfigurationList;
			buildConfigurations = (
				709CD0FB2651601C00A1C445 /* Debug */,
				709CD0FC2651601C00A1C445 /* Release */,
			);
			defaultConfigurationIsVisible = 0;
			defaultConfigurationName = Release;
		};
/* End XCConfigurationList section */
	};
	rootObject = 709CD0DE2651601A00A1C445 /* Project object */;
}
